
Microsoft Visual Studio Solution File, Format Version 12.00
# Visual Studio Version 16
VisualStudioVersion = 16.0.29613.14
MinimumVisualStudioVersion = 10.0.40219.1
Project("{FAE04EC0-301F-11D3-BF4B-00C04F79EFBC}") = "MiPrimeraAppAngular", "MiPrimeraAppAngular\MiPrimeraAppAngular.csproj", "{69C55CDF-C639-40B3-98A7-2D494F58A7DC}"
EndProject
Global
	GlobalSection(SolutionConfigurationPlatforms) = preSolution
		Debug|Any CPU = Debug|Any CPU
		Release|Any CPU = Release|Any CPU
	EndGlobalSection
	GlobalSection(ProjectConfigurationPlatforms) = postSolution
		{69C55CDF-C639-40B3-98A7-2D494F58A7DC}.Debug|Any CPU.ActiveCfg = Debug|Any CPU
		{69C55CDF-C639-40B3-98A7-2D494F58A7DC}.Debug|Any CPU.Build.0 = Debug|Any CPU
		{69C55CDF-C639-40B3-98A7-2D494F58A7DC}.Release|Any CPU.ActiveCfg = Release|Any CPU
		{69C55CDF-C639-40B3-98A7-2D494F58A7DC}.Release|Any CPU.Build.0 = Release|Any CPU
	EndGlobalSection
	GlobalSection(SolutionProperties) = preSolution
		HideSolutionNode = FALSE
	EndGlobalSection
	GlobalSection(ExtensibilityGlobals) = postSolution
		SolutionGuid = {721C14AF-0E26-4EBE-ADF9-48E480C0C174}
	EndGlobalSection
EndGlobal
